<?xml version="1.0" encoding="utf-8"?>
<Project ToolsVersion="4.0" xmlns="http://schemas.microsoft.com/developer/msbuild/2003">
  <ItemGroup>
    <Filter Include="Precompiled">
      <UniqueIdentifier>{2fb6849f-02d2-4311-a114-73c2eb3e1977}</UniqueIdentifier>
    </Filter>
    <Filter Include="Resources">
      <UniqueIdentifier>{67DA6AB6-F800-4c08-8B7A-83BB121AAD01}</UniqueIdentifier>
      <Extensions>rc;ico;cur;bmp;dlg;rc2;rct;bin;rgs;gif;jpg;jpeg;jpe;resx;tiff;tif;png;wav;mfcribbon-ms</Extensions>
    </Filter>
    <Filter Include="Entities">
      <UniqueIdentifier>{8f6106e5-46bb-490f-8468-1733370f2709}</UniqueIdentifier>
    </Filter>
    <Filter Include="Logic">
      <UniqueIdentifier>{1a237c0e-ef9a-46a6-850a-e5c4cd281494}</UniqueIdentifier>
    </Filter>
    <Filter Include="Models">
      <UniqueIdentifier>{ba4da224-894f-4981-834b-43e5e3d5ae6b}</UniqueIdentifier>
    </Filter>
    <Filter Include="Patches">
      <UniqueIdentifier>{fc46512d-a483-4995-955b-5d7b86136407}</UniqueIdentifier>
    </Filter>
    <Filter Include="Vendor">
      <UniqueIdentifier>{03894eae-9214-4ba1-9d44-d75ee03e6a4d}</UniqueIdentifier>
    </Filter>
    <Filter Include="Main">
      <UniqueIdentifier>{d0f3e5e4-4a2e-4d25-b8f4-26d39e375840}</UniqueIdentifier>
    </Filter>
    <Filter Include="Useful">
      <UniqueIdentifier>{8b71e879-43f3-4edb-aaf0-47e083ae6891}</UniqueIdentifier>
    </Filter>
  </ItemGroup>
  <ItemGroup>
    <ClInclude Include="pch.h">
      <Filter>Precompiled</Filter>
    </ClInclude>
    <ClInclude Include="resource.h">
      <Filter>Resources</Filter>
    </ClInclude>
    <ClInclude Include="CEntityManager.h">
      <Filter>Entities</Filter>
    </ClInclude>
    <ClInclude Include="CPedManager.h">
      <Filter>Entities</Filter>
    </ClInclude>
    <ClInclude Include="CPlayerPedManager.h">
      <Filter>Entities</Filter>
    </ClInclude>
    <ClInclude Include="CVehicleManager.h">
      <Filter>Entities</Filter>
    </ClInclude>
    <ClInclude Include="CPopulationManager.h">
      <Filter>Logic</Filter>
    </ClInclude>
    <ClInclude Include="CWeaponManager.h">
      <Filter>Logic</Filter>
    </ClInclude>
    <ClInclude Include="CModelManager.h">
      <Filter>Models</Filter>
    </ClInclude>
    <ClInclude Include="CGamePatches.h">
      <Filter>Patches</Filter>
    </ClInclude>
    <ClInclude Include="hooklibrary.h">
      <Filter>Vendor</Filter>
    </ClInclude>
    <ClInclude Include="vendor\detours\detours.h">
      <Filter>Vendor</Filter>
    </ClInclude>
    <ClInclude Include="main.h">
      <Filter>Main</Filter>
    </ClInclude>
    <ClInclude Include="CCustomConsole.h">
      <Filter>Logic</Filter>
    </ClInclude>
    <ClInclude Include="CLogger.h">
      <Filter>Useful</Filter>
    </ClInclude>
    <ClInclude Include="CStore.h">
      <Filter>Useful</Filter>
    </ClInclude>
    <ClInclude Include="CRadarManager.h">
      <Filter>Logic</Filter>
    </ClInclude>
    <ClInclude Include="CPickupManager.h">
      <Filter>Entities</Filter>
    </ClInclude>
    <ClInclude Include="CObjectManager.h">
      <Filter>Entities</Filter>
    </ClInclude>
  </ItemGroup>
  <ItemGroup>
    <ClCompile Include="pch.cpp">
      <Filter>Precompiled</Filter>
    </ClCompile>
    <ClCompile Include="CEntityManager.cpp">
      <Filter>Entities</Filter>
    </ClCompile>
    <ClCompile Include="CPedManager.cpp">
      <Filter>Entities</Filter>
    </ClCompile>
    <ClCompile Include="CPlayerPedManager.cpp">
      <Filter>Entities</Filter>
    </ClCompile>
    <ClCompile Include="CVehicleManager.cpp">
      <Filter>Entities</Filter>
    </ClCompile>
    <ClCompile Include="CPopulationManager.cpp">
      <Filter>Logic</Filter>
    </ClCompile>
    <ClCompile Include="CWeaponManager.cpp">
      <Filter>Logic</Filter>
    </ClCompile>
    <ClCompile Include="CModelManager.cpp">
      <Filter>Models</Filter>
    </ClCompile>
    <ClCompile Include="CGamePatches.cpp">
      <Filter>Patches</Filter>
    </ClCompile>
    <ClCompile Include="main.cpp">
      <Filter>Main</Filter>
    </ClCompile>
    <ClCompile Include="CCustomConsole.cpp">
      <Filter>Logic</Filter>
    </ClCompile>
    <ClCompile Include="Exception.cpp">
      <Filter>Useful</Filter>
    </ClCompile>
    <ClCompile Include="CRadarManager.cpp">
      <Filter>Logic</Filter>
    </ClCompile>
    <ClCompile Include="CPickupManager.cpp">
      <Filter>Entities</Filter>
    </ClCompile>
    <ClCompile Include="CObjectManager.cpp">
      <Filter>Entities</Filter>
    </ClCompile>
  </ItemGroup>
</Project>